
Microsoft Visual Studio Solution File, Format Version 12.00
# Visual Studio Version 17
VisualStudioVersion = 17.9.34616.47
MinimumVisualStudioVersion = 10.0.40219.1
Project("{FAE04EC0-301F-11D3-BF4B-00C04F79EFBC}") = "AdfGLConsole", "AdfGLConsole\AdfGLConsole.csproj", "{2F7CBD85-FFDC-4B1B-9126-F178F422886B}"
EndProject
Project("{FAE04EC0-301F-11D3-BF4B-00C04F79EFBC}") = "AdfGLCoreLib", "AdfGLCoreLib\AdfGLCoreLib.csproj", "{8AD62D77-7169-4E80-8A8E-8C2C65ACDBCC}"
EndProject
Project("{FAE04EC0-301F-11D3-BF4B-00C04F79EFBC}") = "AdfGL_SDL2", "AdfGL_SDL2\AdfGL_SDL2.csproj", "{A68100E6-CD44-47F4-9BEE-6EE4B2C50D4D}"
EndProject
Project("{FAE04EC0-301F-11D3-BF4B-00C04F79EFBC}") = "AdfGLDrawingLib", "AdfGLDrawingLib\AdfGLDrawingLib.csproj", "{B6065DD5-1B3E-4D2A-A4EA-62AF9994E25B}"
EndProject
Project("{9A19103F-16F7-4668-BE54-9A1E7A4F7556}") = "LinearAlgebraLib", "..\..\MathUtilsLib\MathUtils\LinearAlgebraLib\LinearAlgebraLib.csproj", "{0107E791-6AFE-40F9-AB24-1BA052477D57}"
EndProject
Project("{FAE04EC0-301F-11D3-BF4B-00C04F79EFBC}") = "AdfGL_Cad2Dlib", "AdfGL_Cad2Dlib\AdfGL_Cad2Dlib.csproj", "{849B58ED-BB6F-480C-8A42-D459068CD468}"
EndProject
Global
	GlobalSection(SolutionConfigurationPlatforms) = preSolution
		Debug|Any CPU = Debug|Any CPU
		Release|Any CPU = Release|Any CPU
	EndGlobalSection
	GlobalSection(ProjectConfigurationPlatforms) = postSolution
		{2F7CBD85-FFDC-4B1B-9126-F178F422886B}.Debug|Any CPU.ActiveCfg = Debug|Any CPU
		{2F7CBD85-FFDC-4B1B-9126-F178F422886B}.Debug|Any CPU.Build.0 = Debug|Any CPU
		{2F7CBD85-FFDC-4B1B-9126-F178F422886B}.Release|Any CPU.ActiveCfg = Release|Any CPU
		{2F7CBD85-FFDC-4B1B-9126-F178F422886B}.Release|Any CPU.Build.0 = Release|Any CPU
		{8AD62D77-7169-4E80-8A8E-8C2C65ACDBCC}.Debug|Any CPU.ActiveCfg = Debug|Any CPU
		{8AD62D77-7169-4E80-8A8E-8C2C65ACDBCC}.Debug|Any CPU.Build.0 = Debug|Any CPU
		{8AD62D77-7169-4E80-8A8E-8C2C65ACDBCC}.Release|Any CPU.ActiveCfg = Release|Any CPU
		{8AD62D77-7169-4E80-8A8E-8C2C65ACDBCC}.Release|Any CPU.Build.0 = Release|Any CPU
		{A68100E6-CD44-47F4-9BEE-6EE4B2C50D4D}.Debug|Any CPU.ActiveCfg = Debug|Any CPU
		{A68100E6-CD44-47F4-9BEE-6EE4B2C50D4D}.Debug|Any CPU.Build.0 = Debug|Any CPU
		{A68100E6-CD44-47F4-9BEE-6EE4B2C50D4D}.Release|Any CPU.ActiveCfg = Release|Any CPU
		{A68100E6-CD44-47F4-9BEE-6EE4B2C50D4D}.Release|Any CPU.Build.0 = Release|Any CPU
		{B6065DD5-1B3E-4D2A-A4EA-62AF9994E25B}.Debug|Any CPU.ActiveCfg = Debug|Any CPU
		{B6065DD5-1B3E-4D2A-A4EA-62AF9994E25B}.Debug|Any CPU.Build.0 = Debug|Any CPU
		{B6065DD5-1B3E-4D2A-A4EA-62AF9994E25B}.Release|Any CPU.ActiveCfg = Release|Any CPU
		{B6065DD5-1B3E-4D2A-A4EA-62AF9994E25B}.Release|Any CPU.Build.0 = Release|Any CPU
		{0107E791-6AFE-40F9-AB24-1BA052477D57}.Debug|Any CPU.ActiveCfg = Debug|Any CPU
		{0107E791-6AFE-40F9-AB24-1BA052477D57}.Debug|Any CPU.Build.0 = Debug|Any CPU
		{0107E791-6AFE-40F9-AB24-1BA052477D57}.Release|Any CPU.ActiveCfg = Release|Any CPU
		{0107E791-6AFE-40F9-AB24-1BA052477D57}.Release|Any CPU.Build.0 = Release|Any CPU
		{849B58ED-BB6F-480C-8A42-D459068CD468}.Debug|Any CPU.ActiveCfg = Debug|Any CPU
		{849B58ED-BB6F-480C-8A42-D459068CD468}.Debug|Any CPU.Build.0 = Debug|Any CPU
		{849B58ED-BB6F-480C-8A42-D459068CD468}.Release|Any CPU.ActiveCfg = Release|Any CPU
		{849B58ED-BB6F-480C-8A42-D459068CD468}.Release|Any CPU.Build.0 = Release|Any CPU
	EndGlobalSection
	GlobalSection(SolutionProperties) = preSolution
		HideSolutionNode = FALSE
	EndGlobalSection
	GlobalSection(ExtensibilityGlobals) = postSolution
		SolutionGuid = {F5085C70-05AA-42D1-9032-EEB6BD884FD4}
	EndGlobalSection
EndGlobal
